
Microsoft Visual Studio Solution File, Format Version 12.00
# Visual Studio 15
VisualStudioVersion = 15.0.27004.2002
MinimumVisualStudioVersion = 10.0.40219.1
Project("{8BC9CEB8-8B4A-11D0-8D11-00A0C91BC942}") = "Zadanie3", "Zadanie3\Zadanie3.vcxproj", "{B26E8F08-ECCB-4134-84A2-9ADB0B10A900}"
EndProject
Global
	GlobalSection(SolutionConfigurationPlatforms) = preSolution
		Debug|x64 = Debug|x64
		Debug|x86 = Debug|x86
		Release|x64 = Release|x64
		Release|x86 = Release|x86
	EndGlobalSection
	GlobalSection(ProjectConfigurationPlatforms) = postSolution
		{B26E8F08-ECCB-4134-84A2-9ADB0B10A900}.Debug|x64.ActiveCfg = Debug|x64
		{B26E8F08-ECCB-4134-84A2-9ADB0B10A900}.Debug|x64.Build.0 = Debug|x64
		{B26E8F08-ECCB-4134-84A2-9ADB0B10A900}.Debug|x86.ActiveCfg = Debug|Win32
		{B26E8F08-ECCB-4134-84A2-9ADB0B10A900}.Debug|x86.Build.0 = Debug|Win32
		{B26E8F08-ECCB-4134-84A2-9ADB0B10A900}.Release|x64.ActiveCfg = Release|x64
		{B26E8F08-ECCB-4134-84A2-9ADB0B10A900}.Release|x64.Build.0 = Release|x64
		{B26E8F08-ECCB-4134-84A2-9ADB0B10A900}.Release|x86.ActiveCfg = Release|Win32
		{B26E8F08-ECCB-4134-84A2-9ADB0B10A900}.Release|x86.Build.0 = Release|Win32
	EndGlobalSection
	GlobalSection(SolutionProperties) = preSolution
		HideSolutionNode = FALSE
	EndGlobalSection
	GlobalSection(ExtensibilityGlobals) = postSolution
		SolutionGuid = {3EF49DD0-020B-4439-853B-BC74910615AE}
	EndGlobalSection
EndGlobal
